
Microsoft Visual Studio Solution File, Format Version 12.00
# Visual Studio Version 16
VisualStudioVersion = 16.0.30104.148
MinimumVisualStudioVersion = 10.0.40219.1
Project("{FAE04EC0-301F-11D3-BF4B-00C04F79EFBC}") = "WrapUpCheck", "WrapUpCheck.csproj", "{84DB3AE3-242B-404D-BCF5-5D75A09F7392}"
EndProject
Global
	GlobalSection(SolutionConfigurationPlatforms) = preSolution
		Debug|Any CPU = Debug|Any CPU
		Release|Any CPU = Release|Any CPU
	EndGlobalSection
	GlobalSection(ProjectConfigurationPlatforms) = postSolution
		{84DB3AE3-242B-404D-BCF5-5D75A09F7392}.Debug|Any CPU.ActiveCfg = Debug|Any CPU
		{84DB3AE3-242B-404D-BCF5-5D75A09F7392}.Debug|Any CPU.Build.0 = Debug|Any CPU
		{84DB3AE3-242B-404D-BCF5-5D75A09F7392}.Release|Any CPU.ActiveCfg = Release|Any CPU
		{84DB3AE3-242B-404D-BCF5-5D75A09F7392}.Release|Any CPU.Build.0 = Release|Any CPU
	EndGlobalSection
	GlobalSection(SolutionProperties) = preSolution
		HideSolutionNode = FALSE
	EndGlobalSection
	GlobalSection(ExtensibilityGlobals) = postSolution
		SolutionGuid = {58985998-D73A-4C19-A2F5-6670739BFD6B}
	EndGlobalSection
EndGlobal
